// !$*UTF8*$!
{
	archiveVersion = 1;
	classes = {
	};
	objectVersion = 50;
	objects = {

/* Begin PBXBuildFile section */
		3D47F10F24921CB500E6C49B /* ExPushView.m in Sources */ = {isa = PBXBuildFile; fileRef = 3D47F10E24921CB500E6C49B /* ExPushView.m */; };
		3DA640D3224226D100468B09 /* AppDelegate.m in Sources */ = {isa = PBXBuildFile; fileRef = 3DA640D2224226D100468B09 /* AppDelegate.m */; };
		3DA640D6224226D100468B09 /* ViewController.m in Sources */ = {isa = PBXBuildFile; fileRef = 3DA640D5224226D100468B09 /* ViewController.m */; };
		3DA640D9224226D100468B09 /* Main.storyboard in Resources */ = {isa = PBXBuildFile; fileRef = 3DA640D7224226D100468B09 /* Main.storyboard */; };
		3DA640DB224226D300468B09 /* Assets.xcassets in Resources */ = {isa = PBXBuildFile; fileRef = 3DA640DA224226D300468B09 /* Assets.xcassets */; };
		3DA640DE224226D300468B09 /* LaunchScreen.storyboard in Resources */ = {isa = PBXBuildFile; fileRef = 3DA640DC224226D300468B09 /* LaunchScreen.storyboard */; };
		3DA640E1224226D300468B09 /* main.m in Sources */ = {isa = PBXBuildFile; fileRef = 3DA640E0224226D300468B09 /* main.m */; };
/* End PBXBuildFile section */

/* Begin PBXFileReference section */
		3D47F10D24921CB500E6C49B /* ExPushView.h */ = {isa = PBXFileReference; fileEncoding = 4; lastKnownFileType = sourcecode.c.h; path = ExPushView.h; sourceTree = "<group>"; };
		3D47F10E24921CB500E6C49B /* ExPushView.m */ = {isa = PBXFileReference; fileEncoding = 4; lastKnownFileType = sourcecode.c.objc; path = ExPushView.m; sourceTree = "<group>"; };
		3DA640CE224226D100468B09 /* PPodTest.app */ = {isa = PBXFileReference; explicitFileType = wrapper.application; includeInIndex = 0; path = PPodTest.app; sourceTree = BUILT_PRODUCTS_DIR; };
		3DA640D1224226D100468B09 /* AppDelegate.h */ = {isa = PBXFileReference; lastKnownFileType = sourcecode.c.h; path = AppDelegate.h; sourceTree = "<group>"; };
		3DA640D2224226D100468B09 /* AppDelegate.m */ = {isa = PBXFileReference; lastKnownFileType = sourcecode.c.objc; path = AppDelegate.m; sourceTree = "<group>"; };
		3DA640D4224226D100468B09 /* ViewController.h */ = {isa = PBXFileReference; lastKnownFileType = sourcecode.c.h; path = ViewController.h; sourceTree = "<group>"; };
		3DA640D5224226D100468B09 /* ViewController.m */ = {isa = PBXFileReference; lastKnownFileType = sourcecode.c.objc; path = ViewController.m; sourceTree = "<group>"; };
		3DA640D8224226D100468B09 /* Base */ = {isa = PBXFileReference; lastKnownFileType = file.storyboard; name = Base; path = Base.lproj/Main.storyboard; sourceTree = "<group>"; };
		3DA640DA224226D300468B09 /* Assets.xcassets */ = {isa = PBXFileReference; lastKnownFileType = folder.assetcatalog; path = Assets.xcassets; sourceTree = "<group>"; };
		3DA640DD224226D300468B09 /* Base */ = {isa = PBXFileReference; lastKnownFileType = file.storyboard; name = Base; path = Base.lproj/LaunchScreen.storyboard; sourceTree = "<group>"; };
		3DA640DF224226D300468B09 /* Info.plist */ = {isa = PBXFileReference; lastKnownFileType = text.plist.xml; path = Info.plist; sourceTree = "<group>"; };
		3DA640E0224226D300468B09 /* main.m */ = {isa = PBXFileReference; lastKnownFileType = sourcecode.c.objc; path = main.m; sourceTree = "<group>"; };
/* End PBXFileReference section */

/* Begin PBXFrameworksBuildPhase section */
		3DA640CB224226D100468B09 /* Frameworks */ = {
			isa = PBXFrameworksBuildPhase;
			buildActionMask = 2147483647;
			files = (
			);
			runOnlyForDeploymentPostprocessing = 0;
		};
/* End PBXFrameworksBuildPhase section */

/* Begin PBXGroup section */
		3D47F10C24921CB500E6C49B /* Classes */ = {
			isa = PBXGroup;
			children = (
				3D47F10D24921CB500E6C49B /* ExPushView.h */,
				3D47F10E24921CB500E6C49B /* ExPushView.m */,
			);
			name = Classes;
			path = ../../Classes;
			sourceTree = "<group>";
		};
		3DA640C5224226D100468B09 = {
			isa = PBXGroup;
			children = (
				3DA640D0224226D100468B09 /* PPodTest */,
				3DA640CF224226D100468B09 /* Products */,
			);
			sourceTree = "<group>";
		};
		3DA640CF224226D100468B09 /* Products */ = {
			isa = PBXGroup;
			children = (
				3DA640CE224226D100468B09 /* PPodTest.app */,
			);
			name = Products;
			sourceTree = "<group>";
		};
		3DA640D0224226D100468B09 /* PPodTest */ = {
			isa = PBXGroup;
			children = (
				3D47F10C24921CB500E6C49B /* Classes */,
				3DA640D1224226D100468B09 /* AppDelegate.h */,
				3DA640D2224226D100468B09 /* AppDelegate.m */,
				3DA640D4224226D100468B09 /* ViewController.h */,
				3DA640D5224226D100468B09 /* ViewController.m */,
				3DA640D7224226D100468B09 /* Main.storyboard */,
				3DA640DA224226D300468B09 /* Assets.xcassets */,
				3DA640DC224226D300468B09 /* LaunchScreen.storyboard */,
				3DA640DF224226D300468B09 /* Info.plist */,
				3DA640E0224226D300468B09 /* main.m */,
			);
			path = PPodTest;
			sourceTree = "<group>";
		};
/* End PBXGroup section */

/* Begin PBXNativeTarget section */
		3DA640CD224226D100468B09 /* PPodTest */ = {
			isa = PBXNativeTarget;
			buildConfigurationList = 3DA640E4224226D300468B09 /* Build configuration list for PBXNativeTarget "PPodTest" */;
			buildPhases = (
				3DA640CA224226D100468B09 /* Sources */,
				3DA640CB224226D100468B09 /* Frameworks */,
				3DA640CC224226D100468B09 /* Resources */,
			);
			buildRules = (
			);
			dependencies = (
			);
			name = PPodTest;
			productName = PPodTest;
			productReference = 3DA640CE224226D100468B09 /* PPodTest.app */;
			productType = "com.apple.product-type.application";
		};
/* End PBXNativeTarget section */

/* Begin PBXProject section */
		3DA640C6224226D100468B09 /* Project object */ = {
			isa = PBXProject;
			attributes = {
				LastUpgradeCheck = 0940;
				ORGANIZATIONNAME = examw;
				TargetAttributes = {
					3DA640CD224226D100468B09 = {
						CreatedOnToolsVersion = 9.4.1;
					};
				};
			};
			buildConfigurationList = 3DA640C9224226D100468B09 /* Build configuration list for PBXProject "PPodTest" */;
			compatibilityVersion = "Xcode 9.3";
			developmentRegion = en;
			hasScannedForEncodings = 0;
			knownRegions = (
				en,
				Base,
			);
			mainGroup = 3DA640C5224226D100468B09;
			productRefGroup = 3DA640CF224226D100468B09 /* Products */;
			projectDirPath = "";
			projectRoot = "";
			targets = (
				3DA640CD224226D100468B09 /* PPodTest */,
			);
		};
/* End PBXProject section */

/* Begin PBXResourcesBuildPhase section */
		3DA640CC224226D100468B09 /* Resources */ = {
			isa = PBXResourcesBuildPhase;
			buildActionMask = 2147483647;
			files = (
				3DA640DE224226D300468B09 /* LaunchScreen.storyboard in Resources */,
				3DA640DB224226D300468B09 /* Assets.xcassets in Resources */,
				3DA640D9224226D100468B09 /* Main.storyboard in Resources */,
			);
			runOnlyForDeploymentPostprocessing = 0;
		};
/* End PBXResourcesBuildPhase section */

/* Begin PBXSourcesBuildPhase section */
		3DA640CA224226D100468B09 /* Sources */ = {
			isa = PBXSourcesBuildPhase;
			buildActionMask = 2147483647;
			files = (
				3DA640D6224226D100468B09 /* ViewController.m in Sources */,
				3DA640E1224226D300468B09 /* main.m in Sources */,
				3DA640D3224226D100468B09 /* AppDelegate.m in Sources */,
				3D47F10F24921CB500E6C49B /* ExPushView.m in Sources */,
			);
			runOnlyForDeploymentPostprocessing = 0;
		};
/* End PBXSourcesBuildPhase section */

/* Begin PBXVariantGroup section */
		3DA640D7224226D100468B09 /* Main.storyboard */ = {
			isa = PBXVariantGroup;
			children = (
				3DA640D8224226D100468B09 /* Base */,
			);
			name = Main.storyboard;
			sourceTree = "<group>";
		};
		3DA640DC224226D300468B09 /* LaunchScreen.storyboard */ = {
			isa = PBXVariantGroup;
			children = (
				3DA640DD224226D300468B09 /* Base */,
			);
			name = LaunchScreen.storyboard;
			sourceTree = "<group>";
		};
/* End PBXVariantGroup section */

/* Begin XCBuildConfiguration section */
		3DA640E2224226D300468B09 /* Debug */ = {
			isa = XCBuildConfiguration;
			buildSettings = {
				ALWAYS_SEARCH_USER_PATHS = NO;
				CLANG_ANALYZER_NONNULL = YES;
				CLANG_ANALYZER_NUMBER_OBJECT_CONVERSION = YES_AGGRESSIVE;
				CLANG_CXX_LANGUAGE_STANDARD = "gnu++14";
				CLANG_CXX_LIBRARY = "libc++";
				CLANG_ENABLE_MODULES = YES;
				CLANG_ENABLE_OBJC_ARC = YES;
				CLANG_ENABLE_OBJC_WEAK = YES;
				CLANG_WARN_BLOCK_CAPTURE_AUTORELEASING = YES;
				CLANG_WARN_BOOL_CONVERSION = YES;
				CLANG_WARN_COMMA = YES;
				CLANG_WARN_CONSTANT_CONVERSION = YES;
				CLANG_WARN_DEPRECATED_OBJC_IMPLEMENTATIONS = YES;
				CLANG_WARN_DIRECT_OBJC_ISA_USAGE = YES_ERROR;
				CLANG_WARN_DOCUMENTATION_COMMENTS = YES;
				CLANG_WARN_EMPTY_BODY = YES;
				CLANG_WARN_ENUM_CONVERSION = YES;
				CLANG_WARN_INFINITE_RECURSION = YES;
				CLANG_WARN_INT_CONVERSION = YES;
				CLANG_WARN_NON_LITERAL_NULL_CONVERSION = YES;
				CLANG_WARN_OBJC_IMPLICIT_RETAIN_SELF = YES;
				CLANG_WARN_OBJC_LITERAL_CONVERSION = YES;
				CLANG_WARN_OBJC_ROOT_CLASS = YES_ERROR;
				CLANG_WARN_RANGE_LOOP_ANALYSIS = YES;
				CLANG_WARN_STRICT_PROTOTYPES = YES;
				CLANG_WARN_SUSPICIOUS_MOVE = YES;
				CLANG_WARN_UNGUARDED_AVAILABILITY = YES_AGGRESSIVE;
				CLANG_WARN_UNREACHABLE_CODE = YES;
				CLANG_WARN__DUPLICATE_METHOD_MATCH = YES;
				CODE_SIGN_IDENTITY = "iPhone Developer";
				COPY_PHASE_STRIP = NO;
				DEBUG_INFORMATION_FORMAT = dwarf;
				ENABLE_STRICT_OBJC_MSGSEND = YES;
				ENABLE_TESTABILITY = YES;
				GCC_C_LANGUAGE_STANDARD = gnu11;
				GCC_DYNAMIC_NO_PIC = NO;
				GCC_NO_COMMON_BLOCKS = YES;
				GCC_OPTIMIZATION_LEVEL = 0;
				GCC_PREPROCESSOR_DEFINITIONS = (
					"DEBUG=1",
					"$(inherited)",
				);
				GCC_WARN_64_TO_32_BIT_CONVERSION = YES;
				GCC_WARN_ABOUT_RETURN_TYPE = YES_ERROR;
				GCC_WARN_UNDECLARED_SELECTOR = YES;
				GCC_WARN_UNINITIALIZED_AUTOS = YES_AGGRESSIVE;
				GCC_WARN_UNUSED_FUNCTION = YES;
				GCC_WARN_UNUSED_VARIABLE = YES;
				IPHONEOS_DEPLOYMENT_TARGET = 11.4;
				MTL_ENABLE_DEBUG_INFO = YES;
				ONLY_ACTIVE_ARCH = YES;
				SDKROOT = iphoneos;
			};
			name = Debug;
		};
		3DA640E3224226D300468B09 /* Release */ = {
			isa = XCBuildConfiguration;
			buildSettings = {
				ALWAYS_SEARCH_USER_PATHS = NO;
				CLANG_ANALYZER_NONNULL = YES;
				CLANG_ANALYZER_NUMBER_OBJECT_CONVERSION = YES_AGGRESSIVE;
				CLANG_CXX_LANGUAGE_STANDARD = "gnu++14";
				CLANG_CXX_LIBRARY = "libc++";
				CLANG_ENABLE_MODULES = YES;
				CLANG_ENABLE_OBJC_ARC = YES;
				CLANG_ENABLE_OBJC_WEAK = YES;
				CLANG_WARN_BLOCK_CAPTURE_AUTORELEASING = YES;
				CLANG_WARN_BOOL_CONVERSION = YES;
				CLANG_WARN_COMMA = YES;
				CLANG_WARN_CONSTANT_CONVERSION = YES;
				CLANG_WARN_DEPRECATED_OBJC_IMPLEMENTATIONS = YES;
				CLANG_WARN_DIRECT_OBJC_ISA_USAGE = YES_ERROR;
				CLANG_WARN_DOCUMENTATION_COMMENTS = YES;
				CLANG_WARN_EMPTY_BODY = YES;
				CLANG_WARN_ENUM_CONVERSION = YES;
				CLANG_WARN_INFINITE_RECURSION = YES;
				CLANG_WARN_INT_CONVERSION = YES;
				CLANG_WARN_NON_LITERAL_NULL_CONVERSION = YES;
				CLANG_WARN_OBJC_IMPLICIT_RETAIN_SELF = YES;
				CLANG_WARN_OBJC_LITERAL_CONVERSION = YES;
				CLANG_WARN_OBJC_ROOT_CLASS = YES_ERROR;
				CLANG_WARN_RANGE_LOOP_ANALYSIS = YES;
				CLANG_WARN_STRICT_PROTOTYPES = YES;
				CLANG_WARN_SUSPICIOUS_MOVE = YES;
				CLANG_WARN_UNGUARDED_AVAILABILITY = YES_AGGRESSIVE;
				CLANG_WARN_UNREACHABLE_CODE = YES;
				CLANG_WARN__DUPLICATE_METHOD_MATCH = YES;
				CODE_SIGN_IDENTITY = "iPhone Developer";
				COPY_PHASE_STRIP = NO;
				DEBUG_INFORMATION_FORMAT = "dwarf-with-dsym";
				ENABLE_NS_ASSERTIONS = NO;
				ENABLE_STRICT_OBJC_MSGSEND = YES;
				GCC_C_LANGUAGE_STANDARD = gnu11;
				GCC_NO_COMMON_BLOCKS = YES;
				GCC_WARN_64_TO_32_BIT_CONVERSION = YES;
				GCC_WARN_ABOUT_RETURN_TYPE = YES_ERROR;
				GCC_WARN_UNDECLARED_SELECTOR = YES;
				GCC_WARN_UNINITIALIZED_AUTOS = YES_AGGRESSIVE;
				GCC_WARN_UNUSED_FUNCTION = YES;
				GCC_WARN_UNUSED_VARIABLE = YES;
				IPHONEOS_DEPLOYMENT_TARGET = 11.4;
				MTL_ENABLE_DEBUG_INFO = NO;
				SDKROOT = iphoneos;
				VALIDATE_PRODUCT = YES;
			};
			name = Release;
		};
		3DA640E5224226D300468B09 /* Debug */ = {
			isa = XCBuildConfiguration;
			buildSettings = {
				ASSETCATALOG_COMPILER_APPICON_NAME = AppIcon;
				CODE_SIGN_STYLE = Automatic;
				INFOPLIST_FILE = PPodTest/Info.plist;
				LD_RUNPATH_SEARCH_PATHS = (
					"$(inherited)",
					"@executable_path/Frameworks",
				);
				PRODUCT_BUNDLE_IDENTIFIER = examw.PPodTest;
				PRODUCT_NAME = "$(TARGET_NAME)";
				TARGETED_DEVICE_FAMILY = "1,2";
			};
			name = Debug;
		};
		3DA640E6224226D300468B09 /* Release */ = {
			isa = XCBuildConfiguration;
			buildSettings = {
				ASSETCATALOG_COMPILER_APPICON_NAME = AppIcon;
				CODE_SIGN_STYLE = Automatic;
				INFOPLIST_FILE = PPodTest/Info.plist;
				LD_RUNPATH_SEARCH_PATHS = (
					"$(inherited)",
					"@executable_path/Frameworks",
				);
				PRODUCT_BUNDLE_IDENTIFIER = examw.PPodTest;
				PRODUCT_NAME = "$(TARGET_NAME)";
				TARGETED_DEVICE_FAMILY = "1,2";
			};
			name = Release;
		};
/* End XCBuildConfiguration section */

/* Begin XCConfigurationList section */
		3DA640C9224226D100468B09 /* Build configuration list for PBXProject "PPodTest" */ = {
			isa = XCConfigurationList;
			buildConfigurations = (
				3DA640E2224226D300468B09 /* Debug */,
				3DA640E3224226D300468B09 /* Release */,
			);
			defaultConfigurationIsVisible = 0;
			defaultConfigurationName = Release;
		};
		3DA640E4224226D300468B09 /* Build configuration list for PBXNativeTarget "PPodTest" */ = {
			isa = XCConfigurationList;
			buildConfigurations = (
				3DA640E5224226D300468B09 /* Debug */,
				3DA640E6224226D300468B09 /* Release */,
			);
			defaultConfigurationIsVisible = 0;
			defaultConfigurationName = Release;
		};
/* End XCConfigurationList section */
	};
	rootObject = 3DA640C6224226D100468B09 /* Project object */;
}
